
Microsoft Visual Studio Solution File, Format Version 12.00
# Visual Studio Version 16
VisualStudioVersion = 16.0.31112.23
MinimumVisualStudioVersion = 10.0.40219.1
Project("{FAE04EC0-301F-11D3-BF4B-00C04F79EFBC}") = "PartyMembership.BlazorServer", "PartyMembership.BlazorServer\PartyMembership.BlazorServer.csproj", "{6F4DC969-C595-4899-86C6-3701F0D92432}"
EndProject
Global
	GlobalSection(SolutionConfigurationPlatforms) = preSolution
		Debug|Any CPU = Debug|Any CPU
		Release|Any CPU = Release|Any CPU
	EndGlobalSection
	GlobalSection(ProjectConfigurationPlatforms) = postSolution
		{6F4DC969-C595-4899-86C6-3701F0D92432}.Debug|Any CPU.ActiveCfg = Debug|Any CPU
		{6F4DC969-C595-4899-86C6-3701F0D92432}.Debug|Any CPU.Build.0 = Debug|Any CPU
		{6F4DC969-C595-4899-86C6-3701F0D92432}.Release|Any CPU.ActiveCfg = Release|Any CPU
		{6F4DC969-C595-4899-86C6-3701F0D92432}.Release|Any CPU.Build.0 = Release|Any CPU
	EndGlobalSection
	GlobalSection(SolutionProperties) = preSolution
		HideSolutionNode = FALSE
	EndGlobalSection
	GlobalSection(ExtensibilityGlobals) = postSolution
		SolutionGuid = {A9D04F46-C536-49BB-8818-D4E4F1DA0ACD}
	EndGlobalSection
EndGlobal
